// !$*UTF8*$!
{
	archiveVersion = 1;
	classes = {
	};
	objectVersion = 48;
	objects = {

/* Begin PBXBuildFile section */
		100AD68B200F694800F3FA15 /* AppDelegate.m in Sources */ = {isa = PBXBuildFile; fileRef = 100AD68A200F694800F3FA15 /* AppDelegate.m */; };
		100AD68E200F694800F3FA15 /* ViewController.m in Sources */ = {isa = PBXBuildFile; fileRef = 100AD68D200F694800F3FA15 /* ViewController.m */; };
		100AD691200F694800F3FA15 /* Main.storyboard in Resources */ = {isa = PBXBuildFile; fileRef = 100AD68F200F694800F3FA15 /* Main.storyboard */; };
		100AD693200F694800F3FA15 /* Assets.xcassets in Resources */ = {isa = PBXBuildFile; fileRef = 100AD692200F694800F3FA15 /* Assets.xcassets */; };
		100AD696200F694800F3FA15 /* LaunchScreen.storyboard in Resources */ = {isa = PBXBuildFile; fileRef = 100AD694200F694800F3FA15 /* LaunchScreen.storyboard */; };
		100AD699200F694800F3FA15 /* main.m in Sources */ = {isa = PBXBuildFile; fileRef = 100AD698200F694800F3FA15 /* main.m */; };
/* End PBXBuildFile section */

/* Begin PBXFileReference section */
		100AD686200F694800F3FA15 /* MeMyselfAndI.app */ = {isa = PBXFileReference; explicitFileType = wrapper.application; includeInIndex = 0; path = MeMyselfAndI.app; sourceTree = BUILT_PRODUCTS_DIR; };
		100AD689200F694800F3FA15 /* AppDelegate.h */ = {isa = PBXFileReference; lastKnownFileType = sourcecode.c.h; path = AppDelegate.h; sourceTree = "<group>"; };
		100AD68A200F694800F3FA15 /* AppDelegate.m */ = {isa = PBXFileReference; lastKnownFileType = sourcecode.c.objc; path = AppDelegate.m; sourceTree = "<group>"; };
		100AD68C200F694800F3FA15 /* ViewController.h */ = {isa = PBXFileReference; lastKnownFileType = sourcecode.c.h; path = ViewController.h; sourceTree = "<group>"; };
		100AD68D200F694800F3FA15 /* ViewController.m */ = {isa = PBXFileReference; lastKnownFileType = sourcecode.c.objc; path = ViewController.m; sourceTree = "<group>"; };
		100AD690200F694800F3FA15 /* Base */ = {isa = PBXFileReference; lastKnownFileType = file.storyboard; name = Base; path = Base.lproj/Main.storyboard; sourceTree = "<group>"; };
		100AD692200F694800F3FA15 /* Assets.xcassets */ = {isa = PBXFileReference; lastKnownFileType = folder.assetcatalog; path = Assets.xcassets; sourceTree = "<group>"; };
		100AD695200F694800F3FA15 /* Base */ = {isa = PBXFileReference; lastKnownFileType = file.storyboard; name = Base; path = Base.lproj/LaunchScreen.storyboard; sourceTree = "<group>"; };
		100AD697200F694800F3FA15 /* Info.plist */ = {isa = PBXFileReference; lastKnownFileType = text.plist.xml; path = Info.plist; sourceTree = "<group>"; };
		100AD698200F694800F3FA15 /* main.m */ = {isa = PBXFileReference; lastKnownFileType = sourcecode.c.objc; path = main.m; sourceTree = "<group>"; };
/* End PBXFileReference section */

/* Begin PBXFrameworksBuildPhase section */
		100AD683200F694800F3FA15 /* Frameworks */ = {
			isa = PBXFrameworksBuildPhase;
			buildActionMask = 2147483647;
			files = (
			);
			runOnlyForDeploymentPostprocessing = 0;
		};
/* End PBXFrameworksBuildPhase section */

/* Begin PBXGroup section */
		100AD67D200F694800F3FA15 = {
			isa = PBXGroup;
			children = (
				100AD688200F694800F3FA15 /* MeMyselfAndI */,
				100AD687200F694800F3FA15 /* Products */,
			);
			sourceTree = "<group>";
		};
		100AD687200F694800F3FA15 /* Products */ = {
			isa = PBXGroup;
			children = (
				100AD686200F694800F3FA15 /* MeMyselfAndI.app */,
			);
			name = Products;
			sourceTree = "<group>";
		};
		100AD688200F694800F3FA15 /* MeMyselfAndI */ = {
			isa = PBXGroup;
			children = (
				100AD689200F694800F3FA15 /* AppDelegate.h */,
				100AD68A200F694800F3FA15 /* AppDelegate.m */,
				100AD68C200F694800F3FA15 /* ViewController.h */,
				100AD68D200F694800F3FA15 /* ViewController.m */,
				100AD68F200F694800F3FA15 /* Main.storyboard */,
				100AD692200F694800F3FA15 /* Assets.xcassets */,
				100AD694200F694800F3FA15 /* LaunchScreen.storyboard */,
				100AD697200F694800F3FA15 /* Info.plist */,
				100AD698200F694800F3FA15 /* main.m */,
			);
			path = MeMyselfAndI;
			sourceTree = "<group>";
		};
/* End PBXGroup section */

/* Begin PBXNativeTarget section */
		100AD685200F694800F3FA15 /* MeMyselfAndI */ = {
			isa = PBXNativeTarget;
			buildConfigurationList = 100AD69C200F694800F3FA15 /* Build configuration list for PBXNativeTarget "MeMyselfAndI" */;
			buildPhases = (
				100AD682200F694800F3FA15 /* Sources */,
				100AD683200F694800F3FA15 /* Frameworks */,
				100AD684200F694800F3FA15 /* Resources */,
			);
			buildRules = (
			);
			dependencies = (
			);
			name = MeMyselfAndI;
			productName = MeMyselfAndI;
			productReference = 100AD686200F694800F3FA15 /* MeMyselfAndI.app */;
			productType = "com.apple.product-type.application";
		};
/* End PBXNativeTarget section */

/* Begin PBXProject section */
		100AD67E200F694800F3FA15 /* Project object */ = {
			isa = PBXProject;
			attributes = {
				LastUpgradeCheck = 0920;
				ORGANIZATIONNAME = "Ria Buhlin";
				TargetAttributes = {
					100AD685200F694800F3FA15 = {
						CreatedOnToolsVersion = 9.2;
						ProvisioningStyle = Automatic;
					};
				};
			};
			buildConfigurationList = 100AD681200F694800F3FA15 /* Build configuration list for PBXProject "MeMyselfAndI" */;
			compatibilityVersion = "Xcode 8.0";
			developmentRegion = en;
			hasScannedForEncodings = 0;
			knownRegions = (
				en,
				Base,
			);
			mainGroup = 100AD67D200F694800F3FA15;
			productRefGroup = 100AD687200F694800F3FA15 /* Products */;
			projectDirPath = "";
			projectRoot = "";
			targets = (
				100AD685200F694800F3FA15 /* MeMyselfAndI */,
			);
		};
/* End PBXProject section */

/* Begin PBXResourcesBuildPhase section */
		100AD684200F694800F3FA15 /* Resources */ = {
			isa = PBXResourcesBuildPhase;
			buildActionMask = 2147483647;
			files = (
				100AD696200F694800F3FA15 /* LaunchScreen.storyboard in Resources */,
				100AD693200F694800F3FA15 /* Assets.xcassets in Resources */,
				100AD691200F694800F3FA15 /* Main.storyboard in Resources */,
			);
			runOnlyForDeploymentPostprocessing = 0;
		};
/* End PBXResourcesBuildPhase section */

/* Begin PBXSourcesBuildPhase section */
		100AD682200F694800F3FA15 /* Sources */ = {
			isa = PBXSourcesBuildPhase;
			buildActionMask = 2147483647;
			files = (
				100AD68E200F694800F3FA15 /* ViewController.m in Sources */,
				100AD699200F694800F3FA15 /* main.m in Sources */,
				100AD68B200F694800F3FA15 /* AppDelegate.m in Sources */,
			);
			runOnlyForDeploymentPostprocessing = 0;
		};
/* End PBXSourcesBuildPhase section */

/* Begin PBXVariantGroup section */
		100AD68F200F694800F3FA15 /* Main.storyboard */ = {
			isa = PBXVariantGroup;
			children = (
				100AD690200F694800F3FA15 /* Base */,
			);
			name = Main.storyboard;
			sourceTree = "<group>";
		};
		100AD694200F694800F3FA15 /* LaunchScreen.storyboard */ = {
			isa = PBXVariantGroup;
			children = (
				100AD695200F694800F3FA15 /* Base */,
			);
			name = LaunchScreen.storyboard;
			sourceTree = "<group>";
		};
/* End PBXVariantGroup section */

/* Begin XCBuildConfiguration section */
		100AD69A200F694800F3FA15 /* Debug */ = {
			isa = XCBuildConfiguration;
			buildSettings = {
				ALWAYS_SEARCH_USER_PATHS = NO;
				CLANG_ANALYZER_NONNULL = YES;
				CLANG_ANALYZER_NUMBER_OBJECT_CONVERSION = YES_AGGRESSIVE;
				CLANG_CXX_LANGUAGE_STANDARD = "gnu++14";
				CLANG_CXX_LIBRARY = "libc++";
				CLANG_ENABLE_MODULES = YES;
				CLANG_ENABLE_OBJC_ARC = YES;
				CLANG_WARN_BLOCK_CAPTURE_AUTORELEASING = YES;
				CLANG_WARN_BOOL_CONVERSION = YES;
				CLANG_WARN_COMMA = YES;
				CLANG_WARN_CONSTANT_CONVERSION = YES;
				CLANG_WARN_DIRECT_OBJC_ISA_USAGE = YES_ERROR;
				CLANG_WARN_DOCUMENTATION_COMMENTS = YES;
				CLANG_WARN_EMPTY_BODY = YES;
				CLANG_WARN_ENUM_CONVERSION = YES;
				CLANG_WARN_INFINITE_RECURSION = YES;
				CLANG_WARN_INT_CONVERSION = YES;
				CLANG_WARN_NON_LITERAL_NULL_CONVERSION = YES;
				CLANG_WARN_OBJC_LITERAL_CONVERSION = YES;
				CLANG_WARN_OBJC_ROOT_CLASS = YES_ERROR;
				CLANG_WARN_RANGE_LOOP_ANALYSIS = YES;
				CLANG_WARN_STRICT_PROTOTYPES = YES;
				CLANG_WARN_SUSPICIOUS_MOVE = YES;
				CLANG_WARN_UNGUARDED_AVAILABILITY = YES_AGGRESSIVE;
				CLANG_WARN_UNREACHABLE_CODE = YES;
				CLANG_WARN__DUPLICATE_METHOD_MATCH = YES;
				CODE_SIGN_IDENTITY = "iPhone Developer";
				COPY_PHASE_STRIP = NO;
				DEBUG_INFORMATION_FORMAT = dwarf;
				ENABLE_STRICT_OBJC_MSGSEND = YES;
				ENABLE_TESTABILITY = YES;
				GCC_C_LANGUAGE_STANDARD = gnu11;
				GCC_DYNAMIC_NO_PIC = NO;
				GCC_NO_COMMON_BLOCKS = YES;
				GCC_OPTIMIZATION_LEVEL = 0;
				GCC_PREPROCESSOR_DEFINITIONS = (
					"DEBUG=1",
					"$(inherited)",
				);
				GCC_WARN_64_TO_32_BIT_CONVERSION = YES;
				GCC_WARN_ABOUT_RETURN_TYPE = YES_ERROR;
				GCC_WARN_UNDECLARED_SELECTOR = YES;
				GCC_WARN_UNINITIALIZED_AUTOS = YES_AGGRESSIVE;
				GCC_WARN_UNUSED_FUNCTION = YES;
				GCC_WARN_UNUSED_VARIABLE = YES;
				IPHONEOS_DEPLOYMENT_TARGET = 11.2;
				MTL_ENABLE_DEBUG_INFO = YES;
				ONLY_ACTIVE_ARCH = YES;
				SDKROOT = iphoneos;
			};
			name = Debug;
		};
		100AD69B200F694800F3FA15 /* Release */ = {
			isa = XCBuildConfiguration;
			buildSettings = {
				ALWAYS_SEARCH_USER_PATHS = NO;
				CLANG_ANALYZER_NONNULL = YES;
				CLANG_ANALYZER_NUMBER_OBJECT_CONVERSION = YES_AGGRESSIVE;
				CLANG_CXX_LANGUAGE_STANDARD = "gnu++14";
				CLANG_CXX_LIBRARY = "libc++";
				CLANG_ENABLE_MODULES = YES;
				CLANG_ENABLE_OBJC_ARC = YES;
				CLANG_WARN_BLOCK_CAPTURE_AUTORELEASING = YES;
				CLANG_WARN_BOOL_CONVERSION = YES;
				CLANG_WARN_COMMA = YES;
				CLANG_WARN_CONSTANT_CONVERSION = YES;
				CLANG_WARN_DIRECT_OBJC_ISA_USAGE = YES_ERROR;
				CLANG_WARN_DOCUMENTATION_COMMENTS = YES;
				CLANG_WARN_EMPTY_BODY = YES;
				CLANG_WARN_ENUM_CONVERSION = YES;
				CLANG_WARN_INFINITE_RECURSION = YES;
				CLANG_WARN_INT_CONVERSION = YES;
				CLANG_WARN_NON_LITERAL_NULL_CONVERSION = YES;
				CLANG_WARN_OBJC_LITERAL_CONVERSION = YES;
				CLANG_WARN_OBJC_ROOT_CLASS = YES_ERROR;
				CLANG_WARN_RANGE_LOOP_ANALYSIS = YES;
				CLANG_WARN_STRICT_PROTOTYPES = YES;
				CLANG_WARN_SUSPICIOUS_MOVE = YES;
				CLANG_WARN_UNGUARDED_AVAILABILITY = YES_AGGRESSIVE;
				CLANG_WARN_UNREACHABLE_CODE = YES;
				CLANG_WARN__DUPLICATE_METHOD_MATCH = YES;
				CODE_SIGN_IDENTITY = "iPhone Developer";
				COPY_PHASE_STRIP = NO;
				DEBUG_INFORMATION_FORMAT = "dwarf-with-dsym";
				ENABLE_NS_ASSERTIONS = NO;
				ENABLE_STRICT_OBJC_MSGSEND = YES;
				GCC_C_LANGUAGE_STANDARD = gnu11;
				GCC_NO_COMMON_BLOCKS = YES;
				GCC_WARN_64_TO_32_BIT_CONVERSION = YES;
				GCC_WARN_ABOUT_RETURN_TYPE = YES_ERROR;
				GCC_WARN_UNDECLARED_SELECTOR = YES;
				GCC_WARN_UNINITIALIZED_AUTOS = YES_AGGRESSIVE;
				GCC_WARN_UNUSED_FUNCTION = YES;
				GCC_WARN_UNUSED_VARIABLE = YES;
				IPHONEOS_DEPLOYMENT_TARGET = 11.2;
				MTL_ENABLE_DEBUG_INFO = NO;
				SDKROOT = iphoneos;
				VALIDATE_PRODUCT = YES;
			};
			name = Release;
		};
		100AD69D200F694800F3FA15 /* Debug */ = {
			isa = XCBuildConfiguration;
			buildSettings = {
				ASSETCATALOG_COMPILER_APPICON_NAME = AppIcon;
				CODE_SIGN_STYLE = Automatic;
				INFOPLIST_FILE = MeMyselfAndI/Info.plist;
				LD_RUNPATH_SEARCH_PATHS = "$(inherited) @executable_path/Frameworks";
				PRODUCT_BUNDLE_IDENTIFIER = RB.MeMyselfAndI;
				PRODUCT_NAME = "$(TARGET_NAME)";
				TARGETED_DEVICE_FAMILY = "1,2";
			};
			name = Debug;
		};
		100AD69E200F694800F3FA15 /* Release */ = {
			isa = XCBuildConfiguration;
			buildSettings = {
				ASSETCATALOG_COMPILER_APPICON_NAME = AppIcon;
				CODE_SIGN_STYLE = Automatic;
				INFOPLIST_FILE = MeMyselfAndI/Info.plist;
				LD_RUNPATH_SEARCH_PATHS = "$(inherited) @executable_path/Frameworks";
				PRODUCT_BUNDLE_IDENTIFIER = RB.MeMyselfAndI;
				PRODUCT_NAME = "$(TARGET_NAME)";
				TARGETED_DEVICE_FAMILY = "1,2";
			};
			name = Release;
		};
/* End XCBuildConfiguration section */

/* Begin XCConfigurationList section */
		100AD681200F694800F3FA15 /* Build configuration list for PBXProject "MeMyselfAndI" */ = {
			isa = XCConfigurationList;
			buildConfigurations = (
				100AD69A200F694800F3FA15 /* Debug */,
				100AD69B200F694800F3FA15 /* Release */,
			);
			defaultConfigurationIsVisible = 0;
			defaultConfigurationName = Release;
		};
		100AD69C200F694800F3FA15 /* Build configuration list for PBXNativeTarget "MeMyselfAndI" */ = {
			isa = XCConfigurationList;
			buildConfigurations = (
				100AD69D200F694800F3FA15 /* Debug */,
				100AD69E200F694800F3FA15 /* Release */,
			);
			defaultConfigurationIsVisible = 0;
			defaultConfigurationName = Release;
		};
/* End XCConfigurationList section */
	};
	rootObject = 100AD67E200F694800F3FA15 /* Project object */;
}
